# This file is automatically @generated by Cargo.
# It is not intended for manual editing.
[[package]]
name = "gim"
version = "0.1.0"
dependencies = [
 "tobj",
]

[[package]]
name = "tobj"
version = "2.0.4"
source = "registry+https://github.com/rust-lang/crates.io-index"
checksum = "2468f55be8e59cf7219f1685cf1af4eb00ef2314823a7941a41c8d69538f881b"
